
Microsoft Visual Studio Solution File, Format Version 12.00
# Visual Studio Version 16
VisualStudioVersion = 16.0.30413.136
MinimumVisualStudioVersion = 10.0.40219.1
Project("{FAE04EC0-301F-11D3-BF4B-00C04F79EFBC}") = "DataSharp", "DataSharp\DataSharp.csproj", "{8FCC7B2B-AB13-4246-B48E-4DED1BD934C3}"
EndProject
Project("{FAE04EC0-301F-11D3-BF4B-00C04F79EFBC}") = "DataSharpTest", "DataSharpTest\DataSharpTest.csproj", "{A4FD0EB9-469F-4A97-A4FD-5EC09B9D8857}"
EndProject
Project("{FAE04EC0-301F-11D3-BF4B-00C04F79EFBC}") = "DataSharpVisualization", "DataSharpVisualization\DataSharpVisualization.csproj", "{75A97583-E8A2-47B6-958C-2F013D93D925}"
EndProject
Global
	GlobalSection(SolutionConfigurationPlatforms) = preSolution
		Debug|Any CPU = Debug|Any CPU
		Release|Any CPU = Release|Any CPU
	EndGlobalSection
	GlobalSection(ProjectConfigurationPlatforms) = postSolution
		{8FCC7B2B-AB13-4246-B48E-4DED1BD934C3}.Debug|Any CPU.ActiveCfg = Debug|Any CPU
		{8FCC7B2B-AB13-4246-B48E-4DED1BD934C3}.Debug|Any CPU.Build.0 = Debug|Any CPU
		{8FCC7B2B-AB13-4246-B48E-4DED1BD934C3}.Release|Any CPU.ActiveCfg = Release|Any CPU
		{8FCC7B2B-AB13-4246-B48E-4DED1BD934C3}.Release|Any CPU.Build.0 = Release|Any CPU
		{A4FD0EB9-469F-4A97-A4FD-5EC09B9D8857}.Debug|Any CPU.ActiveCfg = Debug|Any CPU
		{A4FD0EB9-469F-4A97-A4FD-5EC09B9D8857}.Debug|Any CPU.Build.0 = Debug|Any CPU
		{A4FD0EB9-469F-4A97-A4FD-5EC09B9D8857}.Release|Any CPU.ActiveCfg = Release|Any CPU
		{A4FD0EB9-469F-4A97-A4FD-5EC09B9D8857}.Release|Any CPU.Build.0 = Release|Any CPU
		{75A97583-E8A2-47B6-958C-2F013D93D925}.Debug|Any CPU.ActiveCfg = Debug|Any CPU
		{75A97583-E8A2-47B6-958C-2F013D93D925}.Debug|Any CPU.Build.0 = Debug|Any CPU
		{75A97583-E8A2-47B6-958C-2F013D93D925}.Release|Any CPU.ActiveCfg = Release|Any CPU
		{75A97583-E8A2-47B6-958C-2F013D93D925}.Release|Any CPU.Build.0 = Release|Any CPU
	EndGlobalSection
	GlobalSection(SolutionProperties) = preSolution
		HideSolutionNode = FALSE
	EndGlobalSection
	GlobalSection(ExtensibilityGlobals) = postSolution
		SolutionGuid = {30E324A2-7C8B-4C41-9CE9-D63C84C89006}
	EndGlobalSection
EndGlobal
