
Microsoft Visual Studio Solution File, Format Version 12.00
# Visual Studio 15
VisualStudioVersion = 15.0.27004.2002
MinimumVisualStudioVersion = 10.0.40219.1
Project("{FAE04EC0-301F-11D3-BF4B-00C04F79EFBC}") = "DataMiningConsole", "DataMiningConsole\DataMiningConsole.csproj", "{43F4ACAC-D13F-43BF-9B44-4323C4C0E3C8}"
EndProject
Project("{FAE04EC0-301F-11D3-BF4B-00C04F79EFBC}") = "Mathematics", "Mathematics\Mathematics.csproj", "{6FBE2AE3-F517-43C5-9A83-1ADC7A84229D}"
EndProject
Project("{FAE04EC0-301F-11D3-BF4B-00C04F79EFBC}") = "SqlServerConsole", "SqlServerConsole\SqlServerConsole.csproj", "{71B2884E-ABC1-4D29-91E3-F3D70865CD19}"
EndProject
Project("{FAE04EC0-301F-11D3-BF4B-00C04F79EFBC}") = "MySqlConsole", "MySqlConsole\MySqlConsole.csproj", "{39583AFF-5826-4669-BC6E-D1DFFA9345B7}"
EndProject
Global
	GlobalSection(SolutionConfigurationPlatforms) = preSolution
		Debug|Any CPU = Debug|Any CPU
		Release|Any CPU = Release|Any CPU
	EndGlobalSection
	GlobalSection(ProjectConfigurationPlatforms) = postSolution
		{43F4ACAC-D13F-43BF-9B44-4323C4C0E3C8}.Debug|Any CPU.ActiveCfg = Debug|Any CPU
		{43F4ACAC-D13F-43BF-9B44-4323C4C0E3C8}.Debug|Any CPU.Build.0 = Debug|Any CPU
		{43F4ACAC-D13F-43BF-9B44-4323C4C0E3C8}.Release|Any CPU.ActiveCfg = Release|Any CPU
		{43F4ACAC-D13F-43BF-9B44-4323C4C0E3C8}.Release|Any CPU.Build.0 = Release|Any CPU
		{6FBE2AE3-F517-43C5-9A83-1ADC7A84229D}.Debug|Any CPU.ActiveCfg = Debug|Any CPU
		{6FBE2AE3-F517-43C5-9A83-1ADC7A84229D}.Debug|Any CPU.Build.0 = Debug|Any CPU
		{6FBE2AE3-F517-43C5-9A83-1ADC7A84229D}.Release|Any CPU.ActiveCfg = Release|Any CPU
		{6FBE2AE3-F517-43C5-9A83-1ADC7A84229D}.Release|Any CPU.Build.0 = Release|Any CPU
		{71B2884E-ABC1-4D29-91E3-F3D70865CD19}.Debug|Any CPU.ActiveCfg = Debug|Any CPU
		{71B2884E-ABC1-4D29-91E3-F3D70865CD19}.Debug|Any CPU.Build.0 = Debug|Any CPU
		{71B2884E-ABC1-4D29-91E3-F3D70865CD19}.Release|Any CPU.ActiveCfg = Release|Any CPU
		{71B2884E-ABC1-4D29-91E3-F3D70865CD19}.Release|Any CPU.Build.0 = Release|Any CPU
		{39583AFF-5826-4669-BC6E-D1DFFA9345B7}.Debug|Any CPU.ActiveCfg = Debug|Any CPU
		{39583AFF-5826-4669-BC6E-D1DFFA9345B7}.Debug|Any CPU.Build.0 = Debug|Any CPU
		{39583AFF-5826-4669-BC6E-D1DFFA9345B7}.Release|Any CPU.ActiveCfg = Release|Any CPU
		{39583AFF-5826-4669-BC6E-D1DFFA9345B7}.Release|Any CPU.Build.0 = Release|Any CPU
	EndGlobalSection
	GlobalSection(SolutionProperties) = preSolution
		HideSolutionNode = FALSE
	EndGlobalSection
	GlobalSection(ExtensibilityGlobals) = postSolution
		SolutionGuid = {30E324A2-7C8B-4C41-9CE9-D63C84C89006}
	EndGlobalSection
EndGlobal
